
Microsoft Visual Studio Solution File, Format Version 12.00
# Visual Studio Version 17
VisualStudioVersion = 17.6.33815.320
MinimumVisualStudioVersion = 10.0.40219.1
Project("{FAE04EC0-301F-11D3-BF4B-00C04F79EFBC}") = "JwtToken2Project", "JwtToken2Project\JwtToken2Project.csproj", "{004E1890-4C4B-431F-B774-61E91A925AF6}"
EndProject
Global
	GlobalSection(SolutionConfigurationPlatforms) = preSolution
		Debug|Any CPU = Debug|Any CPU
		Release|Any CPU = Release|Any CPU
	EndGlobalSection
	GlobalSection(ProjectConfigurationPlatforms) = postSolution
		{004E1890-4C4B-431F-B774-61E91A925AF6}.Debug|Any CPU.ActiveCfg = Debug|Any CPU
		{004E1890-4C4B-431F-B774-61E91A925AF6}.Debug|Any CPU.Build.0 = Debug|Any CPU
		{004E1890-4C4B-431F-B774-61E91A925AF6}.Release|Any CPU.ActiveCfg = Release|Any CPU
		{004E1890-4C4B-431F-B774-61E91A925AF6}.Release|Any CPU.Build.0 = Release|Any CPU
	EndGlobalSection
	GlobalSection(SolutionProperties) = preSolution
		HideSolutionNode = FALSE
	EndGlobalSection
	GlobalSection(ExtensibilityGlobals) = postSolution
		SolutionGuid = {574F02A0-0401-40DC-BDDE-F290F40F271A}
	EndGlobalSection
EndGlobal
